
Microsoft Visual Studio Solution File, Format Version 12.00
# Visual Studio Version 17
VisualStudioVersion = 17.8.34316.72
MinimumVisualStudioVersion = 10.0.40219.1
Project("{FAE04EC0-301F-11D3-BF4B-00C04F79EFBC}") = "RestaurantSystem", "RestaurantSystem\RestaurantSystem.csproj", "{B9EC0C9E-696A-478E-A95E-892A08839880}"
EndProject
Global
	GlobalSection(SolutionConfigurationPlatforms) = preSolution
		Debug|Any CPU = Debug|Any CPU
		Release|Any CPU = Release|Any CPU
	EndGlobalSection
	GlobalSection(ProjectConfigurationPlatforms) = postSolution
		{B9EC0C9E-696A-478E-A95E-892A08839880}.Debug|Any CPU.ActiveCfg = Debug|Any CPU
		{B9EC0C9E-696A-478E-A95E-892A08839880}.Debug|Any CPU.Build.0 = Debug|Any CPU
		{B9EC0C9E-696A-478E-A95E-892A08839880}.Release|Any CPU.ActiveCfg = Release|Any CPU
		{B9EC0C9E-696A-478E-A95E-892A08839880}.Release|Any CPU.Build.0 = Release|Any CPU
	EndGlobalSection
	GlobalSection(SolutionProperties) = preSolution
		HideSolutionNode = FALSE
	EndGlobalSection
	GlobalSection(ExtensibilityGlobals) = postSolution
		SolutionGuid = {9DCC8908-30AA-4D58-A2F4-201CE746E5B9}
	EndGlobalSection
EndGlobal
